
Microsoft Visual Studio Solution File, Format Version 12.00
# Visual Studio Version 16
VisualStudioVersion = 16.0.30503.244
MinimumVisualStudioVersion = 10.0.40219.1
Project("{FAE04EC0-301F-11D3-BF4B-00C04F79EFBC}") = "openGL_form", "openGL_form\openGL_form.csproj", "{9FD856B6-620F-4FAE-BC74-EEE1E0EBF215}"
EndProject
Project("{FAE04EC0-301F-11D3-BF4B-00C04F79EFBC}") = "3d_obj_DrawForm", "3d_obj_DrawForm\3d_obj_DrawForm.csproj", "{2484B034-9D27-4169-B485-EBFE6F22B0F3}"
EndProject
Global
	GlobalSection(SolutionConfigurationPlatforms) = preSolution
		Debug|Any CPU = Debug|Any CPU
		Release|Any CPU = Release|Any CPU
	EndGlobalSection
	GlobalSection(ProjectConfigurationPlatforms) = postSolution
		{9FD856B6-620F-4FAE-BC74-EEE1E0EBF215}.Debug|Any CPU.ActiveCfg = Debug|Any CPU
		{9FD856B6-620F-4FAE-BC74-EEE1E0EBF215}.Debug|Any CPU.Build.0 = Debug|Any CPU
		{9FD856B6-620F-4FAE-BC74-EEE1E0EBF215}.Release|Any CPU.ActiveCfg = Release|Any CPU
		{9FD856B6-620F-4FAE-BC74-EEE1E0EBF215}.Release|Any CPU.Build.0 = Release|Any CPU
		{2484B034-9D27-4169-B485-EBFE6F22B0F3}.Debug|Any CPU.ActiveCfg = Debug|Any CPU
		{2484B034-9D27-4169-B485-EBFE6F22B0F3}.Debug|Any CPU.Build.0 = Debug|Any CPU
		{2484B034-9D27-4169-B485-EBFE6F22B0F3}.Release|Any CPU.ActiveCfg = Release|Any CPU
		{2484B034-9D27-4169-B485-EBFE6F22B0F3}.Release|Any CPU.Build.0 = Release|Any CPU
	EndGlobalSection
	GlobalSection(SolutionProperties) = preSolution
		HideSolutionNode = FALSE
	EndGlobalSection
	GlobalSection(ExtensibilityGlobals) = postSolution
		SolutionGuid = {305742A6-DD23-42B4-BD00-675728CD47BA}
	EndGlobalSection
EndGlobal
